
Microsoft Visual Studio Solution File, Format Version 12.00
# Visual Studio Version 16
VisualStudioVersion = 16.0.31911.196
MinimumVisualStudioVersion = 10.0.40219.1
Project("{FAE04EC0-301F-11D3-BF4B-00C04F79EFBC}") = "API_Xamarin.UWP", "API_Xamarin\API_Xamarin.UWP\API_Xamarin.UWP.csproj", "{FAB6F39E-FA19-47E4-8B97-2B8A5F621F12}"
EndProject
Project("{FAE04EC0-301F-11D3-BF4B-00C04F79EFBC}") = "API_Xamarin.Android", "API_Xamarin\API_Xamarin.Android\API_Xamarin.Android.csproj", "{2C488D89-3B06-400A-8EED-64353702FCE0}"
EndProject
Project("{FAE04EC0-301F-11D3-BF4B-00C04F79EFBC}") = "API_Xamarin.iOS", "API_Xamarin\API_Xamarin.iOS\API_Xamarin.iOS.csproj", "{B18B37BA-B96C-4C62-961E-E6E262D6A426}"
EndProject
Project("{FAE04EC0-301F-11D3-BF4B-00C04F79EFBC}") = "API_Xamarin", "API_Xamarin\API_Xamarin\API_Xamarin.csproj", "{6F37E247-9631-4541-B2D6-F50C46AA7064}"
EndProject
Project("{FAE04EC0-301F-11D3-BF4B-00C04F79EFBC}") = "ConsoleForAPI", "ConsoleForAPI\ConsoleForAPI.csproj", "{A9BDF696-CF00-4D34-9DB7-34EC94B5B229}"
EndProject
Global
	GlobalSection(SolutionConfigurationPlatforms) = preSolution
		Debug|Any CPU = Debug|Any CPU
		Debug|ARM = Debug|ARM
		Debug|iPhone = Debug|iPhone
		Debug|iPhoneSimulator = Debug|iPhoneSimulator
		Debug|x64 = Debug|x64
		Debug|x86 = Debug|x86
		Release|Any CPU = Release|Any CPU
		Release|ARM = Release|ARM
		Release|iPhone = Release|iPhone
		Release|iPhoneSimulator = Release|iPhoneSimulator
		Release|x64 = Release|x64
		Release|x86 = Release|x86
	EndGlobalSection
	GlobalSection(ProjectConfigurationPlatforms) = postSolution
		{FAB6F39E-FA19-47E4-8B97-2B8A5F621F12}.Debug|Any CPU.ActiveCfg = Debug|x86
		{FAB6F39E-FA19-47E4-8B97-2B8A5F621F12}.Debug|Any CPU.Build.0 = Debug|x86
		{FAB6F39E-FA19-47E4-8B97-2B8A5F621F12}.Debug|Any CPU.Deploy.0 = Debug|x86
		{FAB6F39E-FA19-47E4-8B97-2B8A5F621F12}.Debug|ARM.ActiveCfg = Debug|ARM
		{FAB6F39E-FA19-47E4-8B97-2B8A5F621F12}.Debug|ARM.Build.0 = Debug|ARM
		{FAB6F39E-FA19-47E4-8B97-2B8A5F621F12}.Debug|ARM.Deploy.0 = Debug|ARM
		{FAB6F39E-FA19-47E4-8B97-2B8A5F621F12}.Debug|iPhone.ActiveCfg = Debug|x86
		{FAB6F39E-FA19-47E4-8B97-2B8A5F621F12}.Debug|iPhone.Build.0 = Debug|x86
		{FAB6F39E-FA19-47E4-8B97-2B8A5F621F12}.Debug|iPhone.Deploy.0 = Debug|x86
		{FAB6F39E-FA19-47E4-8B97-2B8A5F621F12}.Debug|iPhoneSimulator.ActiveCfg = Debug|x86
		{FAB6F39E-FA19-47E4-8B97-2B8A5F621F12}.Debug|iPhoneSimulator.Build.0 = Debug|x86
		{FAB6F39E-FA19-47E4-8B97-2B8A5F621F12}.Debug|iPhoneSimulator.Deploy.0 = Debug|x86
		{FAB6F39E-FA19-47E4-8B97-2B8A5F621F12}.Debug|x64.ActiveCfg = Debug|x64
		{FAB6F39E-FA19-47E4-8B97-2B8A5F621F12}.Debug|x64.Build.0 = Debug|x64
		{FAB6F39E-FA19-47E4-8B97-2B8A5F621F12}.Debug|x64.Deploy.0 = Debug|x64
		{FAB6F39E-FA19-47E4-8B97-2B8A5F621F12}.Debug|x86.ActiveCfg = Debug|x86
		{FAB6F39E-FA19-47E4-8B97-2B8A5F621F12}.Debug|x86.Build.0 = Debug|x86
		{FAB6F39E-FA19-47E4-8B97-2B8A5F621F12}.Debug|x86.Deploy.0 = Debug|x86
		{FAB6F39E-FA19-47E4-8B97-2B8A5F621F12}.Release|Any CPU.ActiveCfg = Release|x86
		{FAB6F39E-FA19-47E4-8B97-2B8A5F621F12}.Release|Any CPU.Build.0 = Release|x86
		{FAB6F39E-FA19-47E4-8B97-2B8A5F621F12}.Release|Any CPU.Deploy.0 = Release|x86
		{FAB6F39E-FA19-47E4-8B97-2B8A5F621F12}.Release|ARM.ActiveCfg = Release|ARM
		{FAB6F39E-FA19-47E4-8B97-2B8A5F621F12}.Release|ARM.Build.0 = Release|ARM
		{FAB6F39E-FA19-47E4-8B97-2B8A5F621F12}.Release|ARM.Deploy.0 = Release|ARM
		{FAB6F39E-FA19-47E4-8B97-2B8A5F621F12}.Release|iPhone.ActiveCfg = Release|x86
		{FAB6F39E-FA19-47E4-8B97-2B8A5F621F12}.Release|iPhone.Build.0 = Release|x86
		{FAB6F39E-FA19-47E4-8B97-2B8A5F621F12}.Release|iPhone.Deploy.0 = Release|x86
		{FAB6F39E-FA19-47E4-8B97-2B8A5F621F12}.Release|iPhoneSimulator.ActiveCfg = Release|x86
		{FAB6F39E-FA19-47E4-8B97-2B8A5F621F12}.Release|iPhoneSimulator.Build.0 = Release|x86
		{FAB6F39E-FA19-47E4-8B97-2B8A5F621F12}.Release|iPhoneSimulator.Deploy.0 = Release|x86
		{FAB6F39E-FA19-47E4-8B97-2B8A5F621F12}.Release|x64.ActiveCfg = Release|x64
		{FAB6F39E-FA19-47E4-8B97-2B8A5F621F12}.Release|x64.Build.0 = Release|x64
		{FAB6F39E-FA19-47E4-8B97-2B8A5F621F12}.Release|x64.Deploy.0 = Release|x64
		{FAB6F39E-FA19-47E4-8B97-2B8A5F621F12}.Release|x86.ActiveCfg = Release|x86
		{FAB6F39E-FA19-47E4-8B97-2B8A5F621F12}.Release|x86.Build.0 = Release|x86
		{FAB6F39E-FA19-47E4-8B97-2B8A5F621F12}.Release|x86.Deploy.0 = Release|x86
		{2C488D89-3B06-400A-8EED-64353702FCE0}.Debug|Any CPU.ActiveCfg = Debug|Any CPU
		{2C488D89-3B06-400A-8EED-64353702FCE0}.Debug|Any CPU.Build.0 = Debug|Any CPU
		{2C488D89-3B06-400A-8EED-64353702FCE0}.Debug|Any CPU.Deploy.0 = Debug|Any CPU
		{2C488D89-3B06-400A-8EED-64353702FCE0}.Debug|ARM.ActiveCfg = Debug|Any CPU
		{2C488D89-3B06-400A-8EED-64353702FCE0}.Debug|ARM.Build.0 = Debug|Any CPU
		{2C488D89-3B06-400A-8EED-64353702FCE0}.Debug|ARM.Deploy.0 = Debug|Any CPU
		{2C488D89-3B06-400A-8EED-64353702FCE0}.Debug|iPhone.ActiveCfg = Debug|Any CPU
		{2C488D89-3B06-400A-8EED-64353702FCE0}.Debug|iPhone.Build.0 = Debug|Any CPU
		{2C488D89-3B06-400A-8EED-64353702FCE0}.Debug|iPhone.Deploy.0 = Debug|Any CPU
		{2C488D89-3B06-400A-8EED-64353702FCE0}.Debug|iPhoneSimulator.ActiveCfg = Debug|Any CPU
		{2C488D89-3B06-400A-8EED-64353702FCE0}.Debug|iPhoneSimulator.Build.0 = Debug|Any CPU
		{2C488D89-3B06-400A-8EED-64353702FCE0}.Debug|iPhoneSimulator.Deploy.0 = Debug|Any CPU
		{2C488D89-3B06-400A-8EED-64353702FCE0}.Debug|x64.ActiveCfg = Debug|Any CPU
		{2C488D89-3B06-400A-8EED-64353702FCE0}.Debug|x64.Build.0 = Debug|Any CPU
		{2C488D89-3B06-400A-8EED-64353702FCE0}.Debug|x64.Deploy.0 = Debug|Any CPU
		{2C488D89-3B06-400A-8EED-64353702FCE0}.Debug|x86.ActiveCfg = Debug|Any CPU
		{2C488D89-3B06-400A-8EED-64353702FCE0}.Debug|x86.Build.0 = Debug|Any CPU
		{2C488D89-3B06-400A-8EED-64353702FCE0}.Debug|x86.Deploy.0 = Debug|Any CPU
		{2C488D89-3B06-400A-8EED-64353702FCE0}.Release|Any CPU.ActiveCfg = Release|Any CPU
		{2C488D89-3B06-400A-8EED-64353702FCE0}.Release|Any CPU.Build.0 = Release|Any CPU
		{2C488D89-3B06-400A-8EED-64353702FCE0}.Release|Any CPU.Deploy.0 = Release|Any CPU
		{2C488D89-3B06-400A-8EED-64353702FCE0}.Release|ARM.ActiveCfg = Release|Any CPU
		{2C488D89-3B06-400A-8EED-64353702FCE0}.Release|ARM.Build.0 = Release|Any CPU
		{2C488D89-3B06-400A-8EED-64353702FCE0}.Release|ARM.Deploy.0 = Release|Any CPU
		{2C488D89-3B06-400A-8EED-64353702FCE0}.Release|iPhone.ActiveCfg = Release|Any CPU
		{2C488D89-3B06-400A-8EED-64353702FCE0}.Release|iPhone.Build.0 = Release|Any CPU
		{2C488D89-3B06-400A-8EED-64353702FCE0}.Release|iPhone.Deploy.0 = Release|Any CPU
		{2C488D89-3B06-400A-8EED-64353702FCE0}.Release|iPhoneSimulator.ActiveCfg = Release|Any CPU
		{2C488D89-3B06-400A-8EED-64353702FCE0}.Release|iPhoneSimulator.Build.0 = Release|Any CPU
		{2C488D89-3B06-400A-8EED-64353702FCE0}.Release|iPhoneSimulator.Deploy.0 = Release|Any CPU
		{2C488D89-3B06-400A-8EED-64353702FCE0}.Release|x64.ActiveCfg = Release|Any CPU
		{2C488D89-3B06-400A-8EED-64353702FCE0}.Release|x64.Build.0 = Release|Any CPU
		{2C488D89-3B06-400A-8EED-64353702FCE0}.Release|x64.Deploy.0 = Release|Any CPU
		{2C488D89-3B06-400A-8EED-64353702FCE0}.Release|x86.ActiveCfg = Release|Any CPU
		{2C488D89-3B06-400A-8EED-64353702FCE0}.Release|x86.Build.0 = Release|Any CPU
		{2C488D89-3B06-400A-8EED-64353702FCE0}.Release|x86.Deploy.0 = Release|Any CPU
		{B18B37BA-B96C-4C62-961E-E6E262D6A426}.Debug|Any CPU.ActiveCfg = Debug|iPhoneSimulator
		{B18B37BA-B96C-4C62-961E-E6E262D6A426}.Debug|Any CPU.Build.0 = Debug|iPhoneSimulator
		{B18B37BA-B96C-4C62-961E-E6E262D6A426}.Debug|Any CPU.Deploy.0 = Debug|iPhoneSimulator
		{B18B37BA-B96C-4C62-961E-E6E262D6A426}.Debug|ARM.ActiveCfg = Debug|iPhone
		{B18B37BA-B96C-4C62-961E-E6E262D6A426}.Debug|ARM.Build.0 = Debug|iPhone
		{B18B37BA-B96C-4C62-961E-E6E262D6A426}.Debug|ARM.Deploy.0 = Debug|iPhone
		{B18B37BA-B96C-4C62-961E-E6E262D6A426}.Debug|iPhone.ActiveCfg = Debug|iPhone
		{B18B37BA-B96C-4C62-961E-E6E262D6A426}.Debug|iPhone.Build.0 = Debug|iPhone
		{B18B37BA-B96C-4C62-961E-E6E262D6A426}.Debug|iPhone.Deploy.0 = Debug|iPhone
		{B18B37BA-B96C-4C62-961E-E6E262D6A426}.Debug|iPhoneSimulator.ActiveCfg = Debug|iPhoneSimulator
		{B18B37BA-B96C-4C62-961E-E6E262D6A426}.Debug|iPhoneSimulator.Build.0 = Debug|iPhoneSimulator
		{B18B37BA-B96C-4C62-961E-E6E262D6A426}.Debug|iPhoneSimulator.Deploy.0 = Debug|iPhoneSimulator
		{B18B37BA-B96C-4C62-961E-E6E262D6A426}.Debug|x64.ActiveCfg = Debug|iPhoneSimulator
		{B18B37BA-B96C-4C62-961E-E6E262D6A426}.Debug|x64.Build.0 = Debug|iPhoneSimulator
		{B18B37BA-B96C-4C62-961E-E6E262D6A426}.Debug|x64.Deploy.0 = Debug|iPhoneSimulator
		{B18B37BA-B96C-4C62-961E-E6E262D6A426}.Debug|x86.ActiveCfg = Debug|iPhoneSimulator
		{B18B37BA-B96C-4C62-961E-E6E262D6A426}.Debug|x86.Build.0 = Debug|iPhoneSimulator
		{B18B37BA-B96C-4C62-961E-E6E262D6A426}.Debug|x86.Deploy.0 = Debug|iPhoneSimulator
		{B18B37BA-B96C-4C62-961E-E6E262D6A426}.Release|Any CPU.ActiveCfg = Release|iPhoneSimulator
		{B18B37BA-B96C-4C62-961E-E6E262D6A426}.Release|Any CPU.Build.0 = Release|iPhoneSimulator
		{B18B37BA-B96C-4C62-961E-E6E262D6A426}.Release|Any CPU.Deploy.0 = Release|iPhoneSimulator
		{B18B37BA-B96C-4C62-961E-E6E262D6A426}.Release|ARM.ActiveCfg = Release|iPhoneSimulator
		{B18B37BA-B96C-4C62-961E-E6E262D6A426}.Release|ARM.Build.0 = Release|iPhoneSimulator
		{B18B37BA-B96C-4C62-961E-E6E262D6A426}.Release|ARM.Deploy.0 = Release|iPhoneSimulator
		{B18B37BA-B96C-4C62-961E-E6E262D6A426}.Release|iPhone.ActiveCfg = Release|iPhone
		{B18B37BA-B96C-4C62-961E-E6E262D6A426}.Release|iPhone.Build.0 = Release|iPhone
		{B18B37BA-B96C-4C62-961E-E6E262D6A426}.Release|iPhone.Deploy.0 = Release|iPhone
		{B18B37BA-B96C-4C62-961E-E6E262D6A426}.Release|iPhoneSimulator.ActiveCfg = Release|iPhoneSimulator
		{B18B37BA-B96C-4C62-961E-E6E262D6A426}.Release|iPhoneSimulator.Build.0 = Release|iPhoneSimulator
		{B18B37BA-B96C-4C62-961E-E6E262D6A426}.Release|iPhoneSimulator.Deploy.0 = Release|iPhoneSimulator
		{B18B37BA-B96C-4C62-961E-E6E262D6A426}.Release|x64.ActiveCfg = Release|iPhoneSimulator
		{B18B37BA-B96C-4C62-961E-E6E262D6A426}.Release|x64.Build.0 = Release|iPhoneSimulator
		{B18B37BA-B96C-4C62-961E-E6E262D6A426}.Release|x64.Deploy.0 = Release|iPhoneSimulator
		{B18B37BA-B96C-4C62-961E-E6E262D6A426}.Release|x86.ActiveCfg = Release|iPhoneSimulator
		{B18B37BA-B96C-4C62-961E-E6E262D6A426}.Release|x86.Build.0 = Release|iPhoneSimulator
		{B18B37BA-B96C-4C62-961E-E6E262D6A426}.Release|x86.Deploy.0 = Release|iPhoneSimulator
		{6F37E247-9631-4541-B2D6-F50C46AA7064}.Debug|Any CPU.ActiveCfg = Debug|Any CPU
		{6F37E247-9631-4541-B2D6-F50C46AA7064}.Debug|Any CPU.Build.0 = Debug|Any CPU
		{6F37E247-9631-4541-B2D6-F50C46AA7064}.Debug|Any CPU.Deploy.0 = Debug|Any CPU
		{6F37E247-9631-4541-B2D6-F50C46AA7064}.Debug|ARM.ActiveCfg = Debug|Any CPU
		{6F37E247-9631-4541-B2D6-F50C46AA7064}.Debug|ARM.Build.0 = Debug|Any CPU
		{6F37E247-9631-4541-B2D6-F50C46AA7064}.Debug|ARM.Deploy.0 = Debug|Any CPU
		{6F37E247-9631-4541-B2D6-F50C46AA7064}.Debug|iPhone.ActiveCfg = Debug|Any CPU
		{6F37E247-9631-4541-B2D6-F50C46AA7064}.Debug|iPhone.Build.0 = Debug|Any CPU
		{6F37E247-9631-4541-B2D6-F50C46AA7064}.Debug|iPhone.Deploy.0 = Debug|Any CPU
		{6F37E247-9631-4541-B2D6-F50C46AA7064}.Debug|iPhoneSimulator.ActiveCfg = Debug|Any CPU
		{6F37E247-9631-4541-B2D6-F50C46AA7064}.Debug|iPhoneSimulator.Build.0 = Debug|Any CPU
		{6F37E247-9631-4541-B2D6-F50C46AA7064}.Debug|iPhoneSimulator.Deploy.0 = Debug|Any CPU
		{6F37E247-9631-4541-B2D6-F50C46AA7064}.Debug|x64.ActiveCfg = Debug|Any CPU
		{6F37E247-9631-4541-B2D6-F50C46AA7064}.Debug|x64.Build.0 = Debug|Any CPU
		{6F37E247-9631-4541-B2D6-F50C46AA7064}.Debug|x64.Deploy.0 = Debug|Any CPU
		{6F37E247-9631-4541-B2D6-F50C46AA7064}.Debug|x86.ActiveCfg = Debug|Any CPU
		{6F37E247-9631-4541-B2D6-F50C46AA7064}.Debug|x86.Build.0 = Debug|Any CPU
		{6F37E247-9631-4541-B2D6-F50C46AA7064}.Debug|x86.Deploy.0 = Debug|Any CPU
		{6F37E247-9631-4541-B2D6-F50C46AA7064}.Release|Any CPU.ActiveCfg = Release|Any CPU
		{6F37E247-9631-4541-B2D6-F50C46AA7064}.Release|Any CPU.Build.0 = Release|Any CPU
		{6F37E247-9631-4541-B2D6-F50C46AA7064}.Release|Any CPU.Deploy.0 = Release|Any CPU
		{6F37E247-9631-4541-B2D6-F50C46AA7064}.Release|ARM.ActiveCfg = Release|Any CPU
		{6F37E247-9631-4541-B2D6-F50C46AA7064}.Release|ARM.Build.0 = Release|Any CPU
		{6F37E247-9631-4541-B2D6-F50C46AA7064}.Release|ARM.Deploy.0 = Release|Any CPU
		{6F37E247-9631-4541-B2D6-F50C46AA7064}.Release|iPhone.ActiveCfg = Release|Any CPU
		{6F37E247-9631-4541-B2D6-F50C46AA7064}.Release|iPhone.Build.0 = Release|Any CPU
		{6F37E247-9631-4541-B2D6-F50C46AA7064}.Release|iPhone.Deploy.0 = Release|Any CPU
		{6F37E247-9631-4541-B2D6-F50C46AA7064}.Release|iPhoneSimulator.ActiveCfg = Release|Any CPU
		{6F37E247-9631-4541-B2D6-F50C46AA7064}.Release|iPhoneSimulator.Build.0 = Release|Any CPU
		{6F37E247-9631-4541-B2D6-F50C46AA7064}.Release|iPhoneSimulator.Deploy.0 = Release|Any CPU
		{6F37E247-9631-4541-B2D6-F50C46AA7064}.Release|x64.ActiveCfg = Release|Any CPU
		{6F37E247-9631-4541-B2D6-F50C46AA7064}.Release|x64.Build.0 = Release|Any CPU
		{6F37E247-9631-4541-B2D6-F50C46AA7064}.Release|x64.Deploy.0 = Release|Any CPU
		{6F37E247-9631-4541-B2D6-F50C46AA7064}.Release|x86.ActiveCfg = Release|Any CPU
		{6F37E247-9631-4541-B2D6-F50C46AA7064}.Release|x86.Build.0 = Release|Any CPU
		{6F37E247-9631-4541-B2D6-F50C46AA7064}.Release|x86.Deploy.0 = Release|Any CPU
		{A9BDF696-CF00-4D34-9DB7-34EC94B5B229}.Debug|Any CPU.ActiveCfg = Debug|Any CPU
		{A9BDF696-CF00-4D34-9DB7-34EC94B5B229}.Debug|Any CPU.Build.0 = Debug|Any CPU
		{A9BDF696-CF00-4D34-9DB7-34EC94B5B229}.Debug|ARM.ActiveCfg = Debug|Any CPU
		{A9BDF696-CF00-4D34-9DB7-34EC94B5B229}.Debug|ARM.Build.0 = Debug|Any CPU
		{A9BDF696-CF00-4D34-9DB7-34EC94B5B229}.Debug|iPhone.ActiveCfg = Debug|Any CPU
		{A9BDF696-CF00-4D34-9DB7-34EC94B5B229}.Debug|iPhone.Build.0 = Debug|Any CPU
		{A9BDF696-CF00-4D34-9DB7-34EC94B5B229}.Debug|iPhoneSimulator.ActiveCfg = Debug|Any CPU
		{A9BDF696-CF00-4D34-9DB7-34EC94B5B229}.Debug|iPhoneSimulator.Build.0 = Debug|Any CPU
		{A9BDF696-CF00-4D34-9DB7-34EC94B5B229}.Debug|x64.ActiveCfg = Debug|Any CPU
		{A9BDF696-CF00-4D34-9DB7-34EC94B5B229}.Debug|x64.Build.0 = Debug|Any CPU
		{A9BDF696-CF00-4D34-9DB7-34EC94B5B229}.Debug|x86.ActiveCfg = Debug|Any CPU
		{A9BDF696-CF00-4D34-9DB7-34EC94B5B229}.Debug|x86.Build.0 = Debug|Any CPU
		{A9BDF696-CF00-4D34-9DB7-34EC94B5B229}.Release|Any CPU.ActiveCfg = Release|Any CPU
		{A9BDF696-CF00-4D34-9DB7-34EC94B5B229}.Release|Any CPU.Build.0 = Release|Any CPU
		{A9BDF696-CF00-4D34-9DB7-34EC94B5B229}.Release|ARM.ActiveCfg = Release|Any CPU
		{A9BDF696-CF00-4D34-9DB7-34EC94B5B229}.Release|ARM.Build.0 = Release|Any CPU
		{A9BDF696-CF00-4D34-9DB7-34EC94B5B229}.Release|iPhone.ActiveCfg = Release|Any CPU
		{A9BDF696-CF00-4D34-9DB7-34EC94B5B229}.Release|iPhone.Build.0 = Release|Any CPU
		{A9BDF696-CF00-4D34-9DB7-34EC94B5B229}.Release|iPhoneSimulator.ActiveCfg = Release|Any CPU
		{A9BDF696-CF00-4D34-9DB7-34EC94B5B229}.Release|iPhoneSimulator.Build.0 = Release|Any CPU
		{A9BDF696-CF00-4D34-9DB7-34EC94B5B229}.Release|x64.ActiveCfg = Release|Any CPU
		{A9BDF696-CF00-4D34-9DB7-34EC94B5B229}.Release|x64.Build.0 = Release|Any CPU
		{A9BDF696-CF00-4D34-9DB7-34EC94B5B229}.Release|x86.ActiveCfg = Release|Any CPU
		{A9BDF696-CF00-4D34-9DB7-34EC94B5B229}.Release|x86.Build.0 = Release|Any CPU
	EndGlobalSection
	GlobalSection(SolutionProperties) = preSolution
		HideSolutionNode = FALSE
	EndGlobalSection
	GlobalSection(ExtensibilityGlobals) = postSolution
		SolutionGuid = {EFB86881-8C8E-43EA-8634-B124C6EF67B6}
	EndGlobalSection
EndGlobal
