
Microsoft Visual Studio Solution File, Format Version 12.00
# Visual Studio Version 16
VisualStudioVersion = 16.0.31911.196
MinimumVisualStudioVersion = 10.0.40219.1
Project("{FAE04EC0-301F-11D3-BF4B-00C04F79EFBC}") = "FirstStepInPages.UWP", "FirstStepInPages\FirstStepInPages.UWP\FirstStepInPages.UWP.csproj", "{74D4CE06-4350-4B83-959F-ED7809EBE45E}"
EndProject
Project("{FAE04EC0-301F-11D3-BF4B-00C04F79EFBC}") = "FirstStepInPages.Android", "FirstStepInPages\FirstStepInPages.Android\FirstStepInPages.Android.csproj", "{623302AD-7505-46D5-B5B7-5CF24AB3B249}"
EndProject
Project("{FAE04EC0-301F-11D3-BF4B-00C04F79EFBC}") = "FirstStepInPages.iOS", "FirstStepInPages\FirstStepInPages.iOS\FirstStepInPages.iOS.csproj", "{9379AA93-1EDA-4F50-BD12-2DDCD2229DF3}"
EndProject
Project("{FAE04EC0-301F-11D3-BF4B-00C04F79EFBC}") = "FirstStepInPages", "FirstStepInPages\FirstStepInPages\FirstStepInPages.csproj", "{4789283A-85A4-4113-A422-A476AAEA0A83}"
EndProject
Global
	GlobalSection(SolutionConfigurationPlatforms) = preSolution
		Debug|Any CPU = Debug|Any CPU
		Debug|ARM = Debug|ARM
		Debug|iPhone = Debug|iPhone
		Debug|iPhoneSimulator = Debug|iPhoneSimulator
		Debug|x64 = Debug|x64
		Debug|x86 = Debug|x86
		Release|Any CPU = Release|Any CPU
		Release|ARM = Release|ARM
		Release|iPhone = Release|iPhone
		Release|iPhoneSimulator = Release|iPhoneSimulator
		Release|x64 = Release|x64
		Release|x86 = Release|x86
	EndGlobalSection
	GlobalSection(ProjectConfigurationPlatforms) = postSolution
		{74D4CE06-4350-4B83-959F-ED7809EBE45E}.Debug|Any CPU.ActiveCfg = Debug|x86
		{74D4CE06-4350-4B83-959F-ED7809EBE45E}.Debug|Any CPU.Build.0 = Debug|x86
		{74D4CE06-4350-4B83-959F-ED7809EBE45E}.Debug|Any CPU.Deploy.0 = Debug|x86
		{74D4CE06-4350-4B83-959F-ED7809EBE45E}.Debug|ARM.ActiveCfg = Debug|ARM
		{74D4CE06-4350-4B83-959F-ED7809EBE45E}.Debug|ARM.Build.0 = Debug|ARM
		{74D4CE06-4350-4B83-959F-ED7809EBE45E}.Debug|ARM.Deploy.0 = Debug|ARM
		{74D4CE06-4350-4B83-959F-ED7809EBE45E}.Debug|iPhone.ActiveCfg = Debug|x86
		{74D4CE06-4350-4B83-959F-ED7809EBE45E}.Debug|iPhone.Build.0 = Debug|x86
		{74D4CE06-4350-4B83-959F-ED7809EBE45E}.Debug|iPhone.Deploy.0 = Debug|x86
		{74D4CE06-4350-4B83-959F-ED7809EBE45E}.Debug|iPhoneSimulator.ActiveCfg = Debug|x86
		{74D4CE06-4350-4B83-959F-ED7809EBE45E}.Debug|iPhoneSimulator.Build.0 = Debug|x86
		{74D4CE06-4350-4B83-959F-ED7809EBE45E}.Debug|iPhoneSimulator.Deploy.0 = Debug|x86
		{74D4CE06-4350-4B83-959F-ED7809EBE45E}.Debug|x64.ActiveCfg = Debug|x64
		{74D4CE06-4350-4B83-959F-ED7809EBE45E}.Debug|x64.Build.0 = Debug|x64
		{74D4CE06-4350-4B83-959F-ED7809EBE45E}.Debug|x64.Deploy.0 = Debug|x64
		{74D4CE06-4350-4B83-959F-ED7809EBE45E}.Debug|x86.ActiveCfg = Debug|x86
		{74D4CE06-4350-4B83-959F-ED7809EBE45E}.Debug|x86.Build.0 = Debug|x86
		{74D4CE06-4350-4B83-959F-ED7809EBE45E}.Debug|x86.Deploy.0 = Debug|x86
		{74D4CE06-4350-4B83-959F-ED7809EBE45E}.Release|Any CPU.ActiveCfg = Release|x86
		{74D4CE06-4350-4B83-959F-ED7809EBE45E}.Release|Any CPU.Build.0 = Release|x86
		{74D4CE06-4350-4B83-959F-ED7809EBE45E}.Release|Any CPU.Deploy.0 = Release|x86
		{74D4CE06-4350-4B83-959F-ED7809EBE45E}.Release|ARM.ActiveCfg = Release|ARM
		{74D4CE06-4350-4B83-959F-ED7809EBE45E}.Release|ARM.Build.0 = Release|ARM
		{74D4CE06-4350-4B83-959F-ED7809EBE45E}.Release|ARM.Deploy.0 = Release|ARM
		{74D4CE06-4350-4B83-959F-ED7809EBE45E}.Release|iPhone.ActiveCfg = Release|x86
		{74D4CE06-4350-4B83-959F-ED7809EBE45E}.Release|iPhone.Build.0 = Release|x86
		{74D4CE06-4350-4B83-959F-ED7809EBE45E}.Release|iPhone.Deploy.0 = Release|x86
		{74D4CE06-4350-4B83-959F-ED7809EBE45E}.Release|iPhoneSimulator.ActiveCfg = Release|x86
		{74D4CE06-4350-4B83-959F-ED7809EBE45E}.Release|iPhoneSimulator.Build.0 = Release|x86
		{74D4CE06-4350-4B83-959F-ED7809EBE45E}.Release|iPhoneSimulator.Deploy.0 = Release|x86
		{74D4CE06-4350-4B83-959F-ED7809EBE45E}.Release|x64.ActiveCfg = Release|x64
		{74D4CE06-4350-4B83-959F-ED7809EBE45E}.Release|x64.Build.0 = Release|x64
		{74D4CE06-4350-4B83-959F-ED7809EBE45E}.Release|x64.Deploy.0 = Release|x64
		{74D4CE06-4350-4B83-959F-ED7809EBE45E}.Release|x86.ActiveCfg = Release|x86
		{74D4CE06-4350-4B83-959F-ED7809EBE45E}.Release|x86.Build.0 = Release|x86
		{74D4CE06-4350-4B83-959F-ED7809EBE45E}.Release|x86.Deploy.0 = Release|x86
		{623302AD-7505-46D5-B5B7-5CF24AB3B249}.Debug|Any CPU.ActiveCfg = Debug|Any CPU
		{623302AD-7505-46D5-B5B7-5CF24AB3B249}.Debug|Any CPU.Build.0 = Debug|Any CPU
		{623302AD-7505-46D5-B5B7-5CF24AB3B249}.Debug|Any CPU.Deploy.0 = Debug|Any CPU
		{623302AD-7505-46D5-B5B7-5CF24AB3B249}.Debug|ARM.ActiveCfg = Debug|Any CPU
		{623302AD-7505-46D5-B5B7-5CF24AB3B249}.Debug|ARM.Build.0 = Debug|Any CPU
		{623302AD-7505-46D5-B5B7-5CF24AB3B249}.Debug|ARM.Deploy.0 = Debug|Any CPU
		{623302AD-7505-46D5-B5B7-5CF24AB3B249}.Debug|iPhone.ActiveCfg = Debug|Any CPU
		{623302AD-7505-46D5-B5B7-5CF24AB3B249}.Debug|iPhone.Build.0 = Debug|Any CPU
		{623302AD-7505-46D5-B5B7-5CF24AB3B249}.Debug|iPhone.Deploy.0 = Debug|Any CPU
		{623302AD-7505-46D5-B5B7-5CF24AB3B249}.Debug|iPhoneSimulator.ActiveCfg = Debug|Any CPU
		{623302AD-7505-46D5-B5B7-5CF24AB3B249}.Debug|iPhoneSimulator.Build.0 = Debug|Any CPU
		{623302AD-7505-46D5-B5B7-5CF24AB3B249}.Debug|iPhoneSimulator.Deploy.0 = Debug|Any CPU
		{623302AD-7505-46D5-B5B7-5CF24AB3B249}.Debug|x64.ActiveCfg = Debug|Any CPU
		{623302AD-7505-46D5-B5B7-5CF24AB3B249}.Debug|x64.Build.0 = Debug|Any CPU
		{623302AD-7505-46D5-B5B7-5CF24AB3B249}.Debug|x64.Deploy.0 = Debug|Any CPU
		{623302AD-7505-46D5-B5B7-5CF24AB3B249}.Debug|x86.ActiveCfg = Debug|Any CPU
		{623302AD-7505-46D5-B5B7-5CF24AB3B249}.Debug|x86.Build.0 = Debug|Any CPU
		{623302AD-7505-46D5-B5B7-5CF24AB3B249}.Debug|x86.Deploy.0 = Debug|Any CPU
		{623302AD-7505-46D5-B5B7-5CF24AB3B249}.Release|Any CPU.ActiveCfg = Release|Any CPU
		{623302AD-7505-46D5-B5B7-5CF24AB3B249}.Release|Any CPU.Build.0 = Release|Any CPU
		{623302AD-7505-46D5-B5B7-5CF24AB3B249}.Release|Any CPU.Deploy.0 = Release|Any CPU
		{623302AD-7505-46D5-B5B7-5CF24AB3B249}.Release|ARM.ActiveCfg = Release|Any CPU
		{623302AD-7505-46D5-B5B7-5CF24AB3B249}.Release|ARM.Build.0 = Release|Any CPU
		{623302AD-7505-46D5-B5B7-5CF24AB3B249}.Release|ARM.Deploy.0 = Release|Any CPU
		{623302AD-7505-46D5-B5B7-5CF24AB3B249}.Release|iPhone.ActiveCfg = Release|Any CPU
		{623302AD-7505-46D5-B5B7-5CF24AB3B249}.Release|iPhone.Build.0 = Release|Any CPU
		{623302AD-7505-46D5-B5B7-5CF24AB3B249}.Release|iPhone.Deploy.0 = Release|Any CPU
		{623302AD-7505-46D5-B5B7-5CF24AB3B249}.Release|iPhoneSimulator.ActiveCfg = Release|Any CPU
		{623302AD-7505-46D5-B5B7-5CF24AB3B249}.Release|iPhoneSimulator.Build.0 = Release|Any CPU
		{623302AD-7505-46D5-B5B7-5CF24AB3B249}.Release|iPhoneSimulator.Deploy.0 = Release|Any CPU
		{623302AD-7505-46D5-B5B7-5CF24AB3B249}.Release|x64.ActiveCfg = Release|Any CPU
		{623302AD-7505-46D5-B5B7-5CF24AB3B249}.Release|x64.Build.0 = Release|Any CPU
		{623302AD-7505-46D5-B5B7-5CF24AB3B249}.Release|x64.Deploy.0 = Release|Any CPU
		{623302AD-7505-46D5-B5B7-5CF24AB3B249}.Release|x86.ActiveCfg = Release|Any CPU
		{623302AD-7505-46D5-B5B7-5CF24AB3B249}.Release|x86.Build.0 = Release|Any CPU
		{623302AD-7505-46D5-B5B7-5CF24AB3B249}.Release|x86.Deploy.0 = Release|Any CPU
		{9379AA93-1EDA-4F50-BD12-2DDCD2229DF3}.Debug|Any CPU.ActiveCfg = Debug|iPhoneSimulator
		{9379AA93-1EDA-4F50-BD12-2DDCD2229DF3}.Debug|Any CPU.Build.0 = Debug|iPhoneSimulator
		{9379AA93-1EDA-4F50-BD12-2DDCD2229DF3}.Debug|Any CPU.Deploy.0 = Debug|iPhoneSimulator
		{9379AA93-1EDA-4F50-BD12-2DDCD2229DF3}.Debug|ARM.ActiveCfg = Debug|iPhone
		{9379AA93-1EDA-4F50-BD12-2DDCD2229DF3}.Debug|ARM.Build.0 = Debug|iPhone
		{9379AA93-1EDA-4F50-BD12-2DDCD2229DF3}.Debug|ARM.Deploy.0 = Debug|iPhone
		{9379AA93-1EDA-4F50-BD12-2DDCD2229DF3}.Debug|iPhone.ActiveCfg = Debug|iPhone
		{9379AA93-1EDA-4F50-BD12-2DDCD2229DF3}.Debug|iPhone.Build.0 = Debug|iPhone
		{9379AA93-1EDA-4F50-BD12-2DDCD2229DF3}.Debug|iPhone.Deploy.0 = Debug|iPhone
		{9379AA93-1EDA-4F50-BD12-2DDCD2229DF3}.Debug|iPhoneSimulator.ActiveCfg = Debug|iPhoneSimulator
		{9379AA93-1EDA-4F50-BD12-2DDCD2229DF3}.Debug|iPhoneSimulator.Build.0 = Debug|iPhoneSimulator
		{9379AA93-1EDA-4F50-BD12-2DDCD2229DF3}.Debug|iPhoneSimulator.Deploy.0 = Debug|iPhoneSimulator
		{9379AA93-1EDA-4F50-BD12-2DDCD2229DF3}.Debug|x64.ActiveCfg = Debug|iPhoneSimulator
		{9379AA93-1EDA-4F50-BD12-2DDCD2229DF3}.Debug|x64.Build.0 = Debug|iPhoneSimulator
		{9379AA93-1EDA-4F50-BD12-2DDCD2229DF3}.Debug|x64.Deploy.0 = Debug|iPhoneSimulator
		{9379AA93-1EDA-4F50-BD12-2DDCD2229DF3}.Debug|x86.ActiveCfg = Debug|iPhoneSimulator
		{9379AA93-1EDA-4F50-BD12-2DDCD2229DF3}.Debug|x86.Build.0 = Debug|iPhoneSimulator
		{9379AA93-1EDA-4F50-BD12-2DDCD2229DF3}.Debug|x86.Deploy.0 = Debug|iPhoneSimulator
		{9379AA93-1EDA-4F50-BD12-2DDCD2229DF3}.Release|Any CPU.ActiveCfg = Release|iPhoneSimulator
		{9379AA93-1EDA-4F50-BD12-2DDCD2229DF3}.Release|Any CPU.Build.0 = Release|iPhoneSimulator
		{9379AA93-1EDA-4F50-BD12-2DDCD2229DF3}.Release|Any CPU.Deploy.0 = Release|iPhoneSimulator
		{9379AA93-1EDA-4F50-BD12-2DDCD2229DF3}.Release|ARM.ActiveCfg = Release|iPhoneSimulator
		{9379AA93-1EDA-4F50-BD12-2DDCD2229DF3}.Release|ARM.Build.0 = Release|iPhoneSimulator
		{9379AA93-1EDA-4F50-BD12-2DDCD2229DF3}.Release|ARM.Deploy.0 = Release|iPhoneSimulator
		{9379AA93-1EDA-4F50-BD12-2DDCD2229DF3}.Release|iPhone.ActiveCfg = Release|iPhone
		{9379AA93-1EDA-4F50-BD12-2DDCD2229DF3}.Release|iPhone.Build.0 = Release|iPhone
		{9379AA93-1EDA-4F50-BD12-2DDCD2229DF3}.Release|iPhone.Deploy.0 = Release|iPhone
		{9379AA93-1EDA-4F50-BD12-2DDCD2229DF3}.Release|iPhoneSimulator.ActiveCfg = Release|iPhoneSimulator
		{9379AA93-1EDA-4F50-BD12-2DDCD2229DF3}.Release|iPhoneSimulator.Build.0 = Release|iPhoneSimulator
		{9379AA93-1EDA-4F50-BD12-2DDCD2229DF3}.Release|iPhoneSimulator.Deploy.0 = Release|iPhoneSimulator
		{9379AA93-1EDA-4F50-BD12-2DDCD2229DF3}.Release|x64.ActiveCfg = Release|iPhoneSimulator
		{9379AA93-1EDA-4F50-BD12-2DDCD2229DF3}.Release|x64.Build.0 = Release|iPhoneSimulator
		{9379AA93-1EDA-4F50-BD12-2DDCD2229DF3}.Release|x64.Deploy.0 = Release|iPhoneSimulator
		{9379AA93-1EDA-4F50-BD12-2DDCD2229DF3}.Release|x86.ActiveCfg = Release|iPhoneSimulator
		{9379AA93-1EDA-4F50-BD12-2DDCD2229DF3}.Release|x86.Build.0 = Release|iPhoneSimulator
		{9379AA93-1EDA-4F50-BD12-2DDCD2229DF3}.Release|x86.Deploy.0 = Release|iPhoneSimulator
		{4789283A-85A4-4113-A422-A476AAEA0A83}.Debug|Any CPU.ActiveCfg = Debug|Any CPU
		{4789283A-85A4-4113-A422-A476AAEA0A83}.Debug|Any CPU.Build.0 = Debug|Any CPU
		{4789283A-85A4-4113-A422-A476AAEA0A83}.Debug|Any CPU.Deploy.0 = Debug|Any CPU
		{4789283A-85A4-4113-A422-A476AAEA0A83}.Debug|ARM.ActiveCfg = Debug|Any CPU
		{4789283A-85A4-4113-A422-A476AAEA0A83}.Debug|ARM.Build.0 = Debug|Any CPU
		{4789283A-85A4-4113-A422-A476AAEA0A83}.Debug|ARM.Deploy.0 = Debug|Any CPU
		{4789283A-85A4-4113-A422-A476AAEA0A83}.Debug|iPhone.ActiveCfg = Debug|Any CPU
		{4789283A-85A4-4113-A422-A476AAEA0A83}.Debug|iPhone.Build.0 = Debug|Any CPU
		{4789283A-85A4-4113-A422-A476AAEA0A83}.Debug|iPhone.Deploy.0 = Debug|Any CPU
		{4789283A-85A4-4113-A422-A476AAEA0A83}.Debug|iPhoneSimulator.ActiveCfg = Debug|Any CPU
		{4789283A-85A4-4113-A422-A476AAEA0A83}.Debug|iPhoneSimulator.Build.0 = Debug|Any CPU
		{4789283A-85A4-4113-A422-A476AAEA0A83}.Debug|iPhoneSimulator.Deploy.0 = Debug|Any CPU
		{4789283A-85A4-4113-A422-A476AAEA0A83}.Debug|x64.ActiveCfg = Debug|Any CPU
		{4789283A-85A4-4113-A422-A476AAEA0A83}.Debug|x64.Build.0 = Debug|Any CPU
		{4789283A-85A4-4113-A422-A476AAEA0A83}.Debug|x64.Deploy.0 = Debug|Any CPU
		{4789283A-85A4-4113-A422-A476AAEA0A83}.Debug|x86.ActiveCfg = Debug|Any CPU
		{4789283A-85A4-4113-A422-A476AAEA0A83}.Debug|x86.Build.0 = Debug|Any CPU
		{4789283A-85A4-4113-A422-A476AAEA0A83}.Debug|x86.Deploy.0 = Debug|Any CPU
		{4789283A-85A4-4113-A422-A476AAEA0A83}.Release|Any CPU.ActiveCfg = Release|Any CPU
		{4789283A-85A4-4113-A422-A476AAEA0A83}.Release|Any CPU.Build.0 = Release|Any CPU
		{4789283A-85A4-4113-A422-A476AAEA0A83}.Release|Any CPU.Deploy.0 = Release|Any CPU
		{4789283A-85A4-4113-A422-A476AAEA0A83}.Release|ARM.ActiveCfg = Release|Any CPU
		{4789283A-85A4-4113-A422-A476AAEA0A83}.Release|ARM.Build.0 = Release|Any CPU
		{4789283A-85A4-4113-A422-A476AAEA0A83}.Release|ARM.Deploy.0 = Release|Any CPU
		{4789283A-85A4-4113-A422-A476AAEA0A83}.Release|iPhone.ActiveCfg = Release|Any CPU
		{4789283A-85A4-4113-A422-A476AAEA0A83}.Release|iPhone.Build.0 = Release|Any CPU
		{4789283A-85A4-4113-A422-A476AAEA0A83}.Release|iPhone.Deploy.0 = Release|Any CPU
		{4789283A-85A4-4113-A422-A476AAEA0A83}.Release|iPhoneSimulator.ActiveCfg = Release|Any CPU
		{4789283A-85A4-4113-A422-A476AAEA0A83}.Release|iPhoneSimulator.Build.0 = Release|Any CPU
		{4789283A-85A4-4113-A422-A476AAEA0A83}.Release|iPhoneSimulator.Deploy.0 = Release|Any CPU
		{4789283A-85A4-4113-A422-A476AAEA0A83}.Release|x64.ActiveCfg = Release|Any CPU
		{4789283A-85A4-4113-A422-A476AAEA0A83}.Release|x64.Build.0 = Release|Any CPU
		{4789283A-85A4-4113-A422-A476AAEA0A83}.Release|x64.Deploy.0 = Release|Any CPU
		{4789283A-85A4-4113-A422-A476AAEA0A83}.Release|x86.ActiveCfg = Release|Any CPU
		{4789283A-85A4-4113-A422-A476AAEA0A83}.Release|x86.Build.0 = Release|Any CPU
		{4789283A-85A4-4113-A422-A476AAEA0A83}.Release|x86.Deploy.0 = Release|Any CPU
	EndGlobalSection
	GlobalSection(SolutionProperties) = preSolution
		HideSolutionNode = FALSE
	EndGlobalSection
	GlobalSection(ExtensibilityGlobals) = postSolution
		SolutionGuid = {E900F32D-7F12-4018-9F0C-45FABEA89F0F}
	EndGlobalSection
EndGlobal
