
Microsoft Visual Studio Solution File, Format Version 12.00
# Visual Studio Version 16
VisualStudioVersion = 16.0.31911.196
MinimumVisualStudioVersion = 10.0.40219.1
Project("{FAE04EC0-301F-11D3-BF4B-00C04F79EFBC}") = "FirstStepInNavigation.UWP", "FirstStepInNavigation\FirstStepInNavigation.UWP\FirstStepInNavigation.UWP.csproj", "{F0C938BF-530E-4A5B-ADA8-8DF26D0D8F91}"
EndProject
Project("{FAE04EC0-301F-11D3-BF4B-00C04F79EFBC}") = "FirstStepInNavigation.Android", "FirstStepInNavigation\FirstStepInNavigation.Android\FirstStepInNavigation.Android.csproj", "{7DA54391-B21A-4405-BA12-96F95B83DC6C}"
EndProject
Project("{FAE04EC0-301F-11D3-BF4B-00C04F79EFBC}") = "FirstStepInNavigation.iOS", "FirstStepInNavigation\FirstStepInNavigation.iOS\FirstStepInNavigation.iOS.csproj", "{59681732-42BA-4951-946B-B5DC5C386AD2}"
EndProject
Project("{FAE04EC0-301F-11D3-BF4B-00C04F79EFBC}") = "FirstStepInNavigation", "FirstStepInNavigation\FirstStepInNavigation\FirstStepInNavigation.csproj", "{EF5032F2-E96E-48C8-81B5-9D483E5C90DB}"
EndProject
Global
	GlobalSection(SolutionConfigurationPlatforms) = preSolution
		Debug|Any CPU = Debug|Any CPU
		Debug|ARM = Debug|ARM
		Debug|iPhone = Debug|iPhone
		Debug|iPhoneSimulator = Debug|iPhoneSimulator
		Debug|x64 = Debug|x64
		Debug|x86 = Debug|x86
		Release|Any CPU = Release|Any CPU
		Release|ARM = Release|ARM
		Release|iPhone = Release|iPhone
		Release|iPhoneSimulator = Release|iPhoneSimulator
		Release|x64 = Release|x64
		Release|x86 = Release|x86
	EndGlobalSection
	GlobalSection(ProjectConfigurationPlatforms) = postSolution
		{F0C938BF-530E-4A5B-ADA8-8DF26D0D8F91}.Debug|Any CPU.ActiveCfg = Debug|x86
		{F0C938BF-530E-4A5B-ADA8-8DF26D0D8F91}.Debug|Any CPU.Build.0 = Debug|x86
		{F0C938BF-530E-4A5B-ADA8-8DF26D0D8F91}.Debug|Any CPU.Deploy.0 = Debug|x86
		{F0C938BF-530E-4A5B-ADA8-8DF26D0D8F91}.Debug|ARM.ActiveCfg = Debug|ARM
		{F0C938BF-530E-4A5B-ADA8-8DF26D0D8F91}.Debug|ARM.Build.0 = Debug|ARM
		{F0C938BF-530E-4A5B-ADA8-8DF26D0D8F91}.Debug|ARM.Deploy.0 = Debug|ARM
		{F0C938BF-530E-4A5B-ADA8-8DF26D0D8F91}.Debug|iPhone.ActiveCfg = Debug|x86
		{F0C938BF-530E-4A5B-ADA8-8DF26D0D8F91}.Debug|iPhone.Build.0 = Debug|x86
		{F0C938BF-530E-4A5B-ADA8-8DF26D0D8F91}.Debug|iPhone.Deploy.0 = Debug|x86
		{F0C938BF-530E-4A5B-ADA8-8DF26D0D8F91}.Debug|iPhoneSimulator.ActiveCfg = Debug|x86
		{F0C938BF-530E-4A5B-ADA8-8DF26D0D8F91}.Debug|iPhoneSimulator.Build.0 = Debug|x86
		{F0C938BF-530E-4A5B-ADA8-8DF26D0D8F91}.Debug|iPhoneSimulator.Deploy.0 = Debug|x86
		{F0C938BF-530E-4A5B-ADA8-8DF26D0D8F91}.Debug|x64.ActiveCfg = Debug|x64
		{F0C938BF-530E-4A5B-ADA8-8DF26D0D8F91}.Debug|x64.Build.0 = Debug|x64
		{F0C938BF-530E-4A5B-ADA8-8DF26D0D8F91}.Debug|x64.Deploy.0 = Debug|x64
		{F0C938BF-530E-4A5B-ADA8-8DF26D0D8F91}.Debug|x86.ActiveCfg = Debug|x86
		{F0C938BF-530E-4A5B-ADA8-8DF26D0D8F91}.Debug|x86.Build.0 = Debug|x86
		{F0C938BF-530E-4A5B-ADA8-8DF26D0D8F91}.Debug|x86.Deploy.0 = Debug|x86
		{F0C938BF-530E-4A5B-ADA8-8DF26D0D8F91}.Release|Any CPU.ActiveCfg = Release|x86
		{F0C938BF-530E-4A5B-ADA8-8DF26D0D8F91}.Release|Any CPU.Build.0 = Release|x86
		{F0C938BF-530E-4A5B-ADA8-8DF26D0D8F91}.Release|Any CPU.Deploy.0 = Release|x86
		{F0C938BF-530E-4A5B-ADA8-8DF26D0D8F91}.Release|ARM.ActiveCfg = Release|ARM
		{F0C938BF-530E-4A5B-ADA8-8DF26D0D8F91}.Release|ARM.Build.0 = Release|ARM
		{F0C938BF-530E-4A5B-ADA8-8DF26D0D8F91}.Release|ARM.Deploy.0 = Release|ARM
		{F0C938BF-530E-4A5B-ADA8-8DF26D0D8F91}.Release|iPhone.ActiveCfg = Release|x86
		{F0C938BF-530E-4A5B-ADA8-8DF26D0D8F91}.Release|iPhone.Build.0 = Release|x86
		{F0C938BF-530E-4A5B-ADA8-8DF26D0D8F91}.Release|iPhone.Deploy.0 = Release|x86
		{F0C938BF-530E-4A5B-ADA8-8DF26D0D8F91}.Release|iPhoneSimulator.ActiveCfg = Release|x86
		{F0C938BF-530E-4A5B-ADA8-8DF26D0D8F91}.Release|iPhoneSimulator.Build.0 = Release|x86
		{F0C938BF-530E-4A5B-ADA8-8DF26D0D8F91}.Release|iPhoneSimulator.Deploy.0 = Release|x86
		{F0C938BF-530E-4A5B-ADA8-8DF26D0D8F91}.Release|x64.ActiveCfg = Release|x64
		{F0C938BF-530E-4A5B-ADA8-8DF26D0D8F91}.Release|x64.Build.0 = Release|x64
		{F0C938BF-530E-4A5B-ADA8-8DF26D0D8F91}.Release|x64.Deploy.0 = Release|x64
		{F0C938BF-530E-4A5B-ADA8-8DF26D0D8F91}.Release|x86.ActiveCfg = Release|x86
		{F0C938BF-530E-4A5B-ADA8-8DF26D0D8F91}.Release|x86.Build.0 = Release|x86
		{F0C938BF-530E-4A5B-ADA8-8DF26D0D8F91}.Release|x86.Deploy.0 = Release|x86
		{7DA54391-B21A-4405-BA12-96F95B83DC6C}.Debug|Any CPU.ActiveCfg = Debug|Any CPU
		{7DA54391-B21A-4405-BA12-96F95B83DC6C}.Debug|Any CPU.Build.0 = Debug|Any CPU
		{7DA54391-B21A-4405-BA12-96F95B83DC6C}.Debug|Any CPU.Deploy.0 = Debug|Any CPU
		{7DA54391-B21A-4405-BA12-96F95B83DC6C}.Debug|ARM.ActiveCfg = Debug|Any CPU
		{7DA54391-B21A-4405-BA12-96F95B83DC6C}.Debug|ARM.Build.0 = Debug|Any CPU
		{7DA54391-B21A-4405-BA12-96F95B83DC6C}.Debug|ARM.Deploy.0 = Debug|Any CPU
		{7DA54391-B21A-4405-BA12-96F95B83DC6C}.Debug|iPhone.ActiveCfg = Debug|Any CPU
		{7DA54391-B21A-4405-BA12-96F95B83DC6C}.Debug|iPhone.Build.0 = Debug|Any CPU
		{7DA54391-B21A-4405-BA12-96F95B83DC6C}.Debug|iPhone.Deploy.0 = Debug|Any CPU
		{7DA54391-B21A-4405-BA12-96F95B83DC6C}.Debug|iPhoneSimulator.ActiveCfg = Debug|Any CPU
		{7DA54391-B21A-4405-BA12-96F95B83DC6C}.Debug|iPhoneSimulator.Build.0 = Debug|Any CPU
		{7DA54391-B21A-4405-BA12-96F95B83DC6C}.Debug|iPhoneSimulator.Deploy.0 = Debug|Any CPU
		{7DA54391-B21A-4405-BA12-96F95B83DC6C}.Debug|x64.ActiveCfg = Debug|Any CPU
		{7DA54391-B21A-4405-BA12-96F95B83DC6C}.Debug|x64.Build.0 = Debug|Any CPU
		{7DA54391-B21A-4405-BA12-96F95B83DC6C}.Debug|x64.Deploy.0 = Debug|Any CPU
		{7DA54391-B21A-4405-BA12-96F95B83DC6C}.Debug|x86.ActiveCfg = Debug|Any CPU
		{7DA54391-B21A-4405-BA12-96F95B83DC6C}.Debug|x86.Build.0 = Debug|Any CPU
		{7DA54391-B21A-4405-BA12-96F95B83DC6C}.Debug|x86.Deploy.0 = Debug|Any CPU
		{7DA54391-B21A-4405-BA12-96F95B83DC6C}.Release|Any CPU.ActiveCfg = Release|Any CPU
		{7DA54391-B21A-4405-BA12-96F95B83DC6C}.Release|Any CPU.Build.0 = Release|Any CPU
		{7DA54391-B21A-4405-BA12-96F95B83DC6C}.Release|Any CPU.Deploy.0 = Release|Any CPU
		{7DA54391-B21A-4405-BA12-96F95B83DC6C}.Release|ARM.ActiveCfg = Release|Any CPU
		{7DA54391-B21A-4405-BA12-96F95B83DC6C}.Release|ARM.Build.0 = Release|Any CPU
		{7DA54391-B21A-4405-BA12-96F95B83DC6C}.Release|ARM.Deploy.0 = Release|Any CPU
		{7DA54391-B21A-4405-BA12-96F95B83DC6C}.Release|iPhone.ActiveCfg = Release|Any CPU
		{7DA54391-B21A-4405-BA12-96F95B83DC6C}.Release|iPhone.Build.0 = Release|Any CPU
		{7DA54391-B21A-4405-BA12-96F95B83DC6C}.Release|iPhone.Deploy.0 = Release|Any CPU
		{7DA54391-B21A-4405-BA12-96F95B83DC6C}.Release|iPhoneSimulator.ActiveCfg = Release|Any CPU
		{7DA54391-B21A-4405-BA12-96F95B83DC6C}.Release|iPhoneSimulator.Build.0 = Release|Any CPU
		{7DA54391-B21A-4405-BA12-96F95B83DC6C}.Release|iPhoneSimulator.Deploy.0 = Release|Any CPU
		{7DA54391-B21A-4405-BA12-96F95B83DC6C}.Release|x64.ActiveCfg = Release|Any CPU
		{7DA54391-B21A-4405-BA12-96F95B83DC6C}.Release|x64.Build.0 = Release|Any CPU
		{7DA54391-B21A-4405-BA12-96F95B83DC6C}.Release|x64.Deploy.0 = Release|Any CPU
		{7DA54391-B21A-4405-BA12-96F95B83DC6C}.Release|x86.ActiveCfg = Release|Any CPU
		{7DA54391-B21A-4405-BA12-96F95B83DC6C}.Release|x86.Build.0 = Release|Any CPU
		{7DA54391-B21A-4405-BA12-96F95B83DC6C}.Release|x86.Deploy.0 = Release|Any CPU
		{59681732-42BA-4951-946B-B5DC5C386AD2}.Debug|Any CPU.ActiveCfg = Debug|iPhoneSimulator
		{59681732-42BA-4951-946B-B5DC5C386AD2}.Debug|Any CPU.Build.0 = Debug|iPhoneSimulator
		{59681732-42BA-4951-946B-B5DC5C386AD2}.Debug|Any CPU.Deploy.0 = Debug|iPhoneSimulator
		{59681732-42BA-4951-946B-B5DC5C386AD2}.Debug|ARM.ActiveCfg = Debug|iPhone
		{59681732-42BA-4951-946B-B5DC5C386AD2}.Debug|ARM.Build.0 = Debug|iPhone
		{59681732-42BA-4951-946B-B5DC5C386AD2}.Debug|ARM.Deploy.0 = Debug|iPhone
		{59681732-42BA-4951-946B-B5DC5C386AD2}.Debug|iPhone.ActiveCfg = Debug|iPhone
		{59681732-42BA-4951-946B-B5DC5C386AD2}.Debug|iPhone.Build.0 = Debug|iPhone
		{59681732-42BA-4951-946B-B5DC5C386AD2}.Debug|iPhone.Deploy.0 = Debug|iPhone
		{59681732-42BA-4951-946B-B5DC5C386AD2}.Debug|iPhoneSimulator.ActiveCfg = Debug|iPhoneSimulator
		{59681732-42BA-4951-946B-B5DC5C386AD2}.Debug|iPhoneSimulator.Build.0 = Debug|iPhoneSimulator
		{59681732-42BA-4951-946B-B5DC5C386AD2}.Debug|iPhoneSimulator.Deploy.0 = Debug|iPhoneSimulator
		{59681732-42BA-4951-946B-B5DC5C386AD2}.Debug|x64.ActiveCfg = Debug|iPhoneSimulator
		{59681732-42BA-4951-946B-B5DC5C386AD2}.Debug|x64.Build.0 = Debug|iPhoneSimulator
		{59681732-42BA-4951-946B-B5DC5C386AD2}.Debug|x64.Deploy.0 = Debug|iPhoneSimulator
		{59681732-42BA-4951-946B-B5DC5C386AD2}.Debug|x86.ActiveCfg = Debug|iPhoneSimulator
		{59681732-42BA-4951-946B-B5DC5C386AD2}.Debug|x86.Build.0 = Debug|iPhoneSimulator
		{59681732-42BA-4951-946B-B5DC5C386AD2}.Debug|x86.Deploy.0 = Debug|iPhoneSimulator
		{59681732-42BA-4951-946B-B5DC5C386AD2}.Release|Any CPU.ActiveCfg = Release|iPhoneSimulator
		{59681732-42BA-4951-946B-B5DC5C386AD2}.Release|Any CPU.Build.0 = Release|iPhoneSimulator
		{59681732-42BA-4951-946B-B5DC5C386AD2}.Release|Any CPU.Deploy.0 = Release|iPhoneSimulator
		{59681732-42BA-4951-946B-B5DC5C386AD2}.Release|ARM.ActiveCfg = Release|iPhoneSimulator
		{59681732-42BA-4951-946B-B5DC5C386AD2}.Release|ARM.Build.0 = Release|iPhoneSimulator
		{59681732-42BA-4951-946B-B5DC5C386AD2}.Release|ARM.Deploy.0 = Release|iPhoneSimulator
		{59681732-42BA-4951-946B-B5DC5C386AD2}.Release|iPhone.ActiveCfg = Release|iPhone
		{59681732-42BA-4951-946B-B5DC5C386AD2}.Release|iPhone.Build.0 = Release|iPhone
		{59681732-42BA-4951-946B-B5DC5C386AD2}.Release|iPhone.Deploy.0 = Release|iPhone
		{59681732-42BA-4951-946B-B5DC5C386AD2}.Release|iPhoneSimulator.ActiveCfg = Release|iPhoneSimulator
		{59681732-42BA-4951-946B-B5DC5C386AD2}.Release|iPhoneSimulator.Build.0 = Release|iPhoneSimulator
		{59681732-42BA-4951-946B-B5DC5C386AD2}.Release|iPhoneSimulator.Deploy.0 = Release|iPhoneSimulator
		{59681732-42BA-4951-946B-B5DC5C386AD2}.Release|x64.ActiveCfg = Release|iPhoneSimulator
		{59681732-42BA-4951-946B-B5DC5C386AD2}.Release|x64.Build.0 = Release|iPhoneSimulator
		{59681732-42BA-4951-946B-B5DC5C386AD2}.Release|x64.Deploy.0 = Release|iPhoneSimulator
		{59681732-42BA-4951-946B-B5DC5C386AD2}.Release|x86.ActiveCfg = Release|iPhoneSimulator
		{59681732-42BA-4951-946B-B5DC5C386AD2}.Release|x86.Build.0 = Release|iPhoneSimulator
		{59681732-42BA-4951-946B-B5DC5C386AD2}.Release|x86.Deploy.0 = Release|iPhoneSimulator
		{EF5032F2-E96E-48C8-81B5-9D483E5C90DB}.Debug|Any CPU.ActiveCfg = Debug|Any CPU
		{EF5032F2-E96E-48C8-81B5-9D483E5C90DB}.Debug|Any CPU.Build.0 = Debug|Any CPU
		{EF5032F2-E96E-48C8-81B5-9D483E5C90DB}.Debug|Any CPU.Deploy.0 = Debug|Any CPU
		{EF5032F2-E96E-48C8-81B5-9D483E5C90DB}.Debug|ARM.ActiveCfg = Debug|Any CPU
		{EF5032F2-E96E-48C8-81B5-9D483E5C90DB}.Debug|ARM.Build.0 = Debug|Any CPU
		{EF5032F2-E96E-48C8-81B5-9D483E5C90DB}.Debug|ARM.Deploy.0 = Debug|Any CPU
		{EF5032F2-E96E-48C8-81B5-9D483E5C90DB}.Debug|iPhone.ActiveCfg = Debug|Any CPU
		{EF5032F2-E96E-48C8-81B5-9D483E5C90DB}.Debug|iPhone.Build.0 = Debug|Any CPU
		{EF5032F2-E96E-48C8-81B5-9D483E5C90DB}.Debug|iPhone.Deploy.0 = Debug|Any CPU
		{EF5032F2-E96E-48C8-81B5-9D483E5C90DB}.Debug|iPhoneSimulator.ActiveCfg = Debug|Any CPU
		{EF5032F2-E96E-48C8-81B5-9D483E5C90DB}.Debug|iPhoneSimulator.Build.0 = Debug|Any CPU
		{EF5032F2-E96E-48C8-81B5-9D483E5C90DB}.Debug|iPhoneSimulator.Deploy.0 = Debug|Any CPU
		{EF5032F2-E96E-48C8-81B5-9D483E5C90DB}.Debug|x64.ActiveCfg = Debug|Any CPU
		{EF5032F2-E96E-48C8-81B5-9D483E5C90DB}.Debug|x64.Build.0 = Debug|Any CPU
		{EF5032F2-E96E-48C8-81B5-9D483E5C90DB}.Debug|x64.Deploy.0 = Debug|Any CPU
		{EF5032F2-E96E-48C8-81B5-9D483E5C90DB}.Debug|x86.ActiveCfg = Debug|Any CPU
		{EF5032F2-E96E-48C8-81B5-9D483E5C90DB}.Debug|x86.Build.0 = Debug|Any CPU
		{EF5032F2-E96E-48C8-81B5-9D483E5C90DB}.Debug|x86.Deploy.0 = Debug|Any CPU
		{EF5032F2-E96E-48C8-81B5-9D483E5C90DB}.Release|Any CPU.ActiveCfg = Release|Any CPU
		{EF5032F2-E96E-48C8-81B5-9D483E5C90DB}.Release|Any CPU.Build.0 = Release|Any CPU
		{EF5032F2-E96E-48C8-81B5-9D483E5C90DB}.Release|Any CPU.Deploy.0 = Release|Any CPU
		{EF5032F2-E96E-48C8-81B5-9D483E5C90DB}.Release|ARM.ActiveCfg = Release|Any CPU
		{EF5032F2-E96E-48C8-81B5-9D483E5C90DB}.Release|ARM.Build.0 = Release|Any CPU
		{EF5032F2-E96E-48C8-81B5-9D483E5C90DB}.Release|ARM.Deploy.0 = Release|Any CPU
		{EF5032F2-E96E-48C8-81B5-9D483E5C90DB}.Release|iPhone.ActiveCfg = Release|Any CPU
		{EF5032F2-E96E-48C8-81B5-9D483E5C90DB}.Release|iPhone.Build.0 = Release|Any CPU
		{EF5032F2-E96E-48C8-81B5-9D483E5C90DB}.Release|iPhone.Deploy.0 = Release|Any CPU
		{EF5032F2-E96E-48C8-81B5-9D483E5C90DB}.Release|iPhoneSimulator.ActiveCfg = Release|Any CPU
		{EF5032F2-E96E-48C8-81B5-9D483E5C90DB}.Release|iPhoneSimulator.Build.0 = Release|Any CPU
		{EF5032F2-E96E-48C8-81B5-9D483E5C90DB}.Release|iPhoneSimulator.Deploy.0 = Release|Any CPU
		{EF5032F2-E96E-48C8-81B5-9D483E5C90DB}.Release|x64.ActiveCfg = Release|Any CPU
		{EF5032F2-E96E-48C8-81B5-9D483E5C90DB}.Release|x64.Build.0 = Release|Any CPU
		{EF5032F2-E96E-48C8-81B5-9D483E5C90DB}.Release|x64.Deploy.0 = Release|Any CPU
		{EF5032F2-E96E-48C8-81B5-9D483E5C90DB}.Release|x86.ActiveCfg = Release|Any CPU
		{EF5032F2-E96E-48C8-81B5-9D483E5C90DB}.Release|x86.Build.0 = Release|Any CPU
		{EF5032F2-E96E-48C8-81B5-9D483E5C90DB}.Release|x86.Deploy.0 = Release|Any CPU
	EndGlobalSection
	GlobalSection(SolutionProperties) = preSolution
		HideSolutionNode = FALSE
	EndGlobalSection
	GlobalSection(ExtensibilityGlobals) = postSolution
		SolutionGuid = {AA68B44E-30BC-4B10-801E-B6D19D6AE27E}
	EndGlobalSection
EndGlobal
