
Microsoft Visual Studio Solution File, Format Version 12.00
# Visual Studio Version 16
VisualStudioVersion = 16.0.31911.196
MinimumVisualStudioVersion = 10.0.40219.1
Project("{FAE04EC0-301F-11D3-BF4B-00C04F79EFBC}") = "SImpleCalculator.UWP", "SImpleCalculator\SImpleCalculator.UWP\SImpleCalculator.UWP.csproj", "{4905B12D-D8D5-4C8A-8F28-9220DE042C36}"
EndProject
Project("{FAE04EC0-301F-11D3-BF4B-00C04F79EFBC}") = "SImpleCalculator.Android", "SImpleCalculator\SImpleCalculator.Android\SImpleCalculator.Android.csproj", "{7E916D6B-1F13-4F0B-80BC-3DA43D6FED81}"
EndProject
Project("{FAE04EC0-301F-11D3-BF4B-00C04F79EFBC}") = "SImpleCalculator.iOS", "SImpleCalculator\SImpleCalculator.iOS\SImpleCalculator.iOS.csproj", "{36642416-7E95-429D-912D-2667004C951B}"
EndProject
Project("{FAE04EC0-301F-11D3-BF4B-00C04F79EFBC}") = "SImpleCalculator", "SImpleCalculator\SImpleCalculator\SImpleCalculator.csproj", "{DA5B02DE-A970-4EA5-B9EB-EB26CAB8BECD}"
EndProject
Global
	GlobalSection(SolutionConfigurationPlatforms) = preSolution
		Debug|Any CPU = Debug|Any CPU
		Debug|ARM = Debug|ARM
		Debug|iPhone = Debug|iPhone
		Debug|iPhoneSimulator = Debug|iPhoneSimulator
		Debug|x64 = Debug|x64
		Debug|x86 = Debug|x86
		Release|Any CPU = Release|Any CPU
		Release|ARM = Release|ARM
		Release|iPhone = Release|iPhone
		Release|iPhoneSimulator = Release|iPhoneSimulator
		Release|x64 = Release|x64
		Release|x86 = Release|x86
	EndGlobalSection
	GlobalSection(ProjectConfigurationPlatforms) = postSolution
		{4905B12D-D8D5-4C8A-8F28-9220DE042C36}.Debug|Any CPU.ActiveCfg = Debug|x86
		{4905B12D-D8D5-4C8A-8F28-9220DE042C36}.Debug|Any CPU.Build.0 = Debug|x86
		{4905B12D-D8D5-4C8A-8F28-9220DE042C36}.Debug|Any CPU.Deploy.0 = Debug|x86
		{4905B12D-D8D5-4C8A-8F28-9220DE042C36}.Debug|ARM.ActiveCfg = Debug|ARM
		{4905B12D-D8D5-4C8A-8F28-9220DE042C36}.Debug|ARM.Build.0 = Debug|ARM
		{4905B12D-D8D5-4C8A-8F28-9220DE042C36}.Debug|ARM.Deploy.0 = Debug|ARM
		{4905B12D-D8D5-4C8A-8F28-9220DE042C36}.Debug|iPhone.ActiveCfg = Debug|x86
		{4905B12D-D8D5-4C8A-8F28-9220DE042C36}.Debug|iPhone.Build.0 = Debug|x86
		{4905B12D-D8D5-4C8A-8F28-9220DE042C36}.Debug|iPhone.Deploy.0 = Debug|x86
		{4905B12D-D8D5-4C8A-8F28-9220DE042C36}.Debug|iPhoneSimulator.ActiveCfg = Debug|x86
		{4905B12D-D8D5-4C8A-8F28-9220DE042C36}.Debug|iPhoneSimulator.Build.0 = Debug|x86
		{4905B12D-D8D5-4C8A-8F28-9220DE042C36}.Debug|iPhoneSimulator.Deploy.0 = Debug|x86
		{4905B12D-D8D5-4C8A-8F28-9220DE042C36}.Debug|x64.ActiveCfg = Debug|x64
		{4905B12D-D8D5-4C8A-8F28-9220DE042C36}.Debug|x64.Build.0 = Debug|x64
		{4905B12D-D8D5-4C8A-8F28-9220DE042C36}.Debug|x64.Deploy.0 = Debug|x64
		{4905B12D-D8D5-4C8A-8F28-9220DE042C36}.Debug|x86.ActiveCfg = Debug|x86
		{4905B12D-D8D5-4C8A-8F28-9220DE042C36}.Debug|x86.Build.0 = Debug|x86
		{4905B12D-D8D5-4C8A-8F28-9220DE042C36}.Debug|x86.Deploy.0 = Debug|x86
		{4905B12D-D8D5-4C8A-8F28-9220DE042C36}.Release|Any CPU.ActiveCfg = Release|x86
		{4905B12D-D8D5-4C8A-8F28-9220DE042C36}.Release|Any CPU.Build.0 = Release|x86
		{4905B12D-D8D5-4C8A-8F28-9220DE042C36}.Release|Any CPU.Deploy.0 = Release|x86
		{4905B12D-D8D5-4C8A-8F28-9220DE042C36}.Release|ARM.ActiveCfg = Release|ARM
		{4905B12D-D8D5-4C8A-8F28-9220DE042C36}.Release|ARM.Build.0 = Release|ARM
		{4905B12D-D8D5-4C8A-8F28-9220DE042C36}.Release|ARM.Deploy.0 = Release|ARM
		{4905B12D-D8D5-4C8A-8F28-9220DE042C36}.Release|iPhone.ActiveCfg = Release|x86
		{4905B12D-D8D5-4C8A-8F28-9220DE042C36}.Release|iPhone.Build.0 = Release|x86
		{4905B12D-D8D5-4C8A-8F28-9220DE042C36}.Release|iPhone.Deploy.0 = Release|x86
		{4905B12D-D8D5-4C8A-8F28-9220DE042C36}.Release|iPhoneSimulator.ActiveCfg = Release|x86
		{4905B12D-D8D5-4C8A-8F28-9220DE042C36}.Release|iPhoneSimulator.Build.0 = Release|x86
		{4905B12D-D8D5-4C8A-8F28-9220DE042C36}.Release|iPhoneSimulator.Deploy.0 = Release|x86
		{4905B12D-D8D5-4C8A-8F28-9220DE042C36}.Release|x64.ActiveCfg = Release|x64
		{4905B12D-D8D5-4C8A-8F28-9220DE042C36}.Release|x64.Build.0 = Release|x64
		{4905B12D-D8D5-4C8A-8F28-9220DE042C36}.Release|x64.Deploy.0 = Release|x64
		{4905B12D-D8D5-4C8A-8F28-9220DE042C36}.Release|x86.ActiveCfg = Release|x86
		{4905B12D-D8D5-4C8A-8F28-9220DE042C36}.Release|x86.Build.0 = Release|x86
		{4905B12D-D8D5-4C8A-8F28-9220DE042C36}.Release|x86.Deploy.0 = Release|x86
		{7E916D6B-1F13-4F0B-80BC-3DA43D6FED81}.Debug|Any CPU.ActiveCfg = Debug|Any CPU
		{7E916D6B-1F13-4F0B-80BC-3DA43D6FED81}.Debug|Any CPU.Build.0 = Debug|Any CPU
		{7E916D6B-1F13-4F0B-80BC-3DA43D6FED81}.Debug|Any CPU.Deploy.0 = Debug|Any CPU
		{7E916D6B-1F13-4F0B-80BC-3DA43D6FED81}.Debug|ARM.ActiveCfg = Debug|Any CPU
		{7E916D6B-1F13-4F0B-80BC-3DA43D6FED81}.Debug|ARM.Build.0 = Debug|Any CPU
		{7E916D6B-1F13-4F0B-80BC-3DA43D6FED81}.Debug|ARM.Deploy.0 = Debug|Any CPU
		{7E916D6B-1F13-4F0B-80BC-3DA43D6FED81}.Debug|iPhone.ActiveCfg = Debug|Any CPU
		{7E916D6B-1F13-4F0B-80BC-3DA43D6FED81}.Debug|iPhone.Build.0 = Debug|Any CPU
		{7E916D6B-1F13-4F0B-80BC-3DA43D6FED81}.Debug|iPhone.Deploy.0 = Debug|Any CPU
		{7E916D6B-1F13-4F0B-80BC-3DA43D6FED81}.Debug|iPhoneSimulator.ActiveCfg = Debug|Any CPU
		{7E916D6B-1F13-4F0B-80BC-3DA43D6FED81}.Debug|iPhoneSimulator.Build.0 = Debug|Any CPU
		{7E916D6B-1F13-4F0B-80BC-3DA43D6FED81}.Debug|iPhoneSimulator.Deploy.0 = Debug|Any CPU
		{7E916D6B-1F13-4F0B-80BC-3DA43D6FED81}.Debug|x64.ActiveCfg = Debug|Any CPU
		{7E916D6B-1F13-4F0B-80BC-3DA43D6FED81}.Debug|x64.Build.0 = Debug|Any CPU
		{7E916D6B-1F13-4F0B-80BC-3DA43D6FED81}.Debug|x64.Deploy.0 = Debug|Any CPU
		{7E916D6B-1F13-4F0B-80BC-3DA43D6FED81}.Debug|x86.ActiveCfg = Debug|Any CPU
		{7E916D6B-1F13-4F0B-80BC-3DA43D6FED81}.Debug|x86.Build.0 = Debug|Any CPU
		{7E916D6B-1F13-4F0B-80BC-3DA43D6FED81}.Debug|x86.Deploy.0 = Debug|Any CPU
		{7E916D6B-1F13-4F0B-80BC-3DA43D6FED81}.Release|Any CPU.ActiveCfg = Release|Any CPU
		{7E916D6B-1F13-4F0B-80BC-3DA43D6FED81}.Release|Any CPU.Build.0 = Release|Any CPU
		{7E916D6B-1F13-4F0B-80BC-3DA43D6FED81}.Release|Any CPU.Deploy.0 = Release|Any CPU
		{7E916D6B-1F13-4F0B-80BC-3DA43D6FED81}.Release|ARM.ActiveCfg = Release|Any CPU
		{7E916D6B-1F13-4F0B-80BC-3DA43D6FED81}.Release|ARM.Build.0 = Release|Any CPU
		{7E916D6B-1F13-4F0B-80BC-3DA43D6FED81}.Release|ARM.Deploy.0 = Release|Any CPU
		{7E916D6B-1F13-4F0B-80BC-3DA43D6FED81}.Release|iPhone.ActiveCfg = Release|Any CPU
		{7E916D6B-1F13-4F0B-80BC-3DA43D6FED81}.Release|iPhone.Build.0 = Release|Any CPU
		{7E916D6B-1F13-4F0B-80BC-3DA43D6FED81}.Release|iPhone.Deploy.0 = Release|Any CPU
		{7E916D6B-1F13-4F0B-80BC-3DA43D6FED81}.Release|iPhoneSimulator.ActiveCfg = Release|Any CPU
		{7E916D6B-1F13-4F0B-80BC-3DA43D6FED81}.Release|iPhoneSimulator.Build.0 = Release|Any CPU
		{7E916D6B-1F13-4F0B-80BC-3DA43D6FED81}.Release|iPhoneSimulator.Deploy.0 = Release|Any CPU
		{7E916D6B-1F13-4F0B-80BC-3DA43D6FED81}.Release|x64.ActiveCfg = Release|Any CPU
		{7E916D6B-1F13-4F0B-80BC-3DA43D6FED81}.Release|x64.Build.0 = Release|Any CPU
		{7E916D6B-1F13-4F0B-80BC-3DA43D6FED81}.Release|x64.Deploy.0 = Release|Any CPU
		{7E916D6B-1F13-4F0B-80BC-3DA43D6FED81}.Release|x86.ActiveCfg = Release|Any CPU
		{7E916D6B-1F13-4F0B-80BC-3DA43D6FED81}.Release|x86.Build.0 = Release|Any CPU
		{7E916D6B-1F13-4F0B-80BC-3DA43D6FED81}.Release|x86.Deploy.0 = Release|Any CPU
		{36642416-7E95-429D-912D-2667004C951B}.Debug|Any CPU.ActiveCfg = Debug|iPhoneSimulator
		{36642416-7E95-429D-912D-2667004C951B}.Debug|Any CPU.Build.0 = Debug|iPhoneSimulator
		{36642416-7E95-429D-912D-2667004C951B}.Debug|Any CPU.Deploy.0 = Debug|iPhoneSimulator
		{36642416-7E95-429D-912D-2667004C951B}.Debug|ARM.ActiveCfg = Debug|iPhone
		{36642416-7E95-429D-912D-2667004C951B}.Debug|ARM.Build.0 = Debug|iPhone
		{36642416-7E95-429D-912D-2667004C951B}.Debug|ARM.Deploy.0 = Debug|iPhone
		{36642416-7E95-429D-912D-2667004C951B}.Debug|iPhone.ActiveCfg = Debug|iPhone
		{36642416-7E95-429D-912D-2667004C951B}.Debug|iPhone.Build.0 = Debug|iPhone
		{36642416-7E95-429D-912D-2667004C951B}.Debug|iPhone.Deploy.0 = Debug|iPhone
		{36642416-7E95-429D-912D-2667004C951B}.Debug|iPhoneSimulator.ActiveCfg = Debug|iPhoneSimulator
		{36642416-7E95-429D-912D-2667004C951B}.Debug|iPhoneSimulator.Build.0 = Debug|iPhoneSimulator
		{36642416-7E95-429D-912D-2667004C951B}.Debug|iPhoneSimulator.Deploy.0 = Debug|iPhoneSimulator
		{36642416-7E95-429D-912D-2667004C951B}.Debug|x64.ActiveCfg = Debug|iPhoneSimulator
		{36642416-7E95-429D-912D-2667004C951B}.Debug|x64.Build.0 = Debug|iPhoneSimulator
		{36642416-7E95-429D-912D-2667004C951B}.Debug|x64.Deploy.0 = Debug|iPhoneSimulator
		{36642416-7E95-429D-912D-2667004C951B}.Debug|x86.ActiveCfg = Debug|iPhoneSimulator
		{36642416-7E95-429D-912D-2667004C951B}.Debug|x86.Build.0 = Debug|iPhoneSimulator
		{36642416-7E95-429D-912D-2667004C951B}.Debug|x86.Deploy.0 = Debug|iPhoneSimulator
		{36642416-7E95-429D-912D-2667004C951B}.Release|Any CPU.ActiveCfg = Release|iPhoneSimulator
		{36642416-7E95-429D-912D-2667004C951B}.Release|Any CPU.Build.0 = Release|iPhoneSimulator
		{36642416-7E95-429D-912D-2667004C951B}.Release|Any CPU.Deploy.0 = Release|iPhoneSimulator
		{36642416-7E95-429D-912D-2667004C951B}.Release|ARM.ActiveCfg = Release|iPhoneSimulator
		{36642416-7E95-429D-912D-2667004C951B}.Release|ARM.Build.0 = Release|iPhoneSimulator
		{36642416-7E95-429D-912D-2667004C951B}.Release|ARM.Deploy.0 = Release|iPhoneSimulator
		{36642416-7E95-429D-912D-2667004C951B}.Release|iPhone.ActiveCfg = Release|iPhone
		{36642416-7E95-429D-912D-2667004C951B}.Release|iPhone.Build.0 = Release|iPhone
		{36642416-7E95-429D-912D-2667004C951B}.Release|iPhone.Deploy.0 = Release|iPhone
		{36642416-7E95-429D-912D-2667004C951B}.Release|iPhoneSimulator.ActiveCfg = Release|iPhoneSimulator
		{36642416-7E95-429D-912D-2667004C951B}.Release|iPhoneSimulator.Build.0 = Release|iPhoneSimulator
		{36642416-7E95-429D-912D-2667004C951B}.Release|iPhoneSimulator.Deploy.0 = Release|iPhoneSimulator
		{36642416-7E95-429D-912D-2667004C951B}.Release|x64.ActiveCfg = Release|iPhoneSimulator
		{36642416-7E95-429D-912D-2667004C951B}.Release|x64.Build.0 = Release|iPhoneSimulator
		{36642416-7E95-429D-912D-2667004C951B}.Release|x64.Deploy.0 = Release|iPhoneSimulator
		{36642416-7E95-429D-912D-2667004C951B}.Release|x86.ActiveCfg = Release|iPhoneSimulator
		{36642416-7E95-429D-912D-2667004C951B}.Release|x86.Build.0 = Release|iPhoneSimulator
		{36642416-7E95-429D-912D-2667004C951B}.Release|x86.Deploy.0 = Release|iPhoneSimulator
		{DA5B02DE-A970-4EA5-B9EB-EB26CAB8BECD}.Debug|Any CPU.ActiveCfg = Debug|Any CPU
		{DA5B02DE-A970-4EA5-B9EB-EB26CAB8BECD}.Debug|Any CPU.Build.0 = Debug|Any CPU
		{DA5B02DE-A970-4EA5-B9EB-EB26CAB8BECD}.Debug|Any CPU.Deploy.0 = Debug|Any CPU
		{DA5B02DE-A970-4EA5-B9EB-EB26CAB8BECD}.Debug|ARM.ActiveCfg = Debug|Any CPU
		{DA5B02DE-A970-4EA5-B9EB-EB26CAB8BECD}.Debug|ARM.Build.0 = Debug|Any CPU
		{DA5B02DE-A970-4EA5-B9EB-EB26CAB8BECD}.Debug|ARM.Deploy.0 = Debug|Any CPU
		{DA5B02DE-A970-4EA5-B9EB-EB26CAB8BECD}.Debug|iPhone.ActiveCfg = Debug|Any CPU
		{DA5B02DE-A970-4EA5-B9EB-EB26CAB8BECD}.Debug|iPhone.Build.0 = Debug|Any CPU
		{DA5B02DE-A970-4EA5-B9EB-EB26CAB8BECD}.Debug|iPhone.Deploy.0 = Debug|Any CPU
		{DA5B02DE-A970-4EA5-B9EB-EB26CAB8BECD}.Debug|iPhoneSimulator.ActiveCfg = Debug|Any CPU
		{DA5B02DE-A970-4EA5-B9EB-EB26CAB8BECD}.Debug|iPhoneSimulator.Build.0 = Debug|Any CPU
		{DA5B02DE-A970-4EA5-B9EB-EB26CAB8BECD}.Debug|iPhoneSimulator.Deploy.0 = Debug|Any CPU
		{DA5B02DE-A970-4EA5-B9EB-EB26CAB8BECD}.Debug|x64.ActiveCfg = Debug|Any CPU
		{DA5B02DE-A970-4EA5-B9EB-EB26CAB8BECD}.Debug|x64.Build.0 = Debug|Any CPU
		{DA5B02DE-A970-4EA5-B9EB-EB26CAB8BECD}.Debug|x64.Deploy.0 = Debug|Any CPU
		{DA5B02DE-A970-4EA5-B9EB-EB26CAB8BECD}.Debug|x86.ActiveCfg = Debug|Any CPU
		{DA5B02DE-A970-4EA5-B9EB-EB26CAB8BECD}.Debug|x86.Build.0 = Debug|Any CPU
		{DA5B02DE-A970-4EA5-B9EB-EB26CAB8BECD}.Debug|x86.Deploy.0 = Debug|Any CPU
		{DA5B02DE-A970-4EA5-B9EB-EB26CAB8BECD}.Release|Any CPU.ActiveCfg = Release|Any CPU
		{DA5B02DE-A970-4EA5-B9EB-EB26CAB8BECD}.Release|Any CPU.Build.0 = Release|Any CPU
		{DA5B02DE-A970-4EA5-B9EB-EB26CAB8BECD}.Release|Any CPU.Deploy.0 = Release|Any CPU
		{DA5B02DE-A970-4EA5-B9EB-EB26CAB8BECD}.Release|ARM.ActiveCfg = Release|Any CPU
		{DA5B02DE-A970-4EA5-B9EB-EB26CAB8BECD}.Release|ARM.Build.0 = Release|Any CPU
		{DA5B02DE-A970-4EA5-B9EB-EB26CAB8BECD}.Release|ARM.Deploy.0 = Release|Any CPU
		{DA5B02DE-A970-4EA5-B9EB-EB26CAB8BECD}.Release|iPhone.ActiveCfg = Release|Any CPU
		{DA5B02DE-A970-4EA5-B9EB-EB26CAB8BECD}.Release|iPhone.Build.0 = Release|Any CPU
		{DA5B02DE-A970-4EA5-B9EB-EB26CAB8BECD}.Release|iPhone.Deploy.0 = Release|Any CPU
		{DA5B02DE-A970-4EA5-B9EB-EB26CAB8BECD}.Release|iPhoneSimulator.ActiveCfg = Release|Any CPU
		{DA5B02DE-A970-4EA5-B9EB-EB26CAB8BECD}.Release|iPhoneSimulator.Build.0 = Release|Any CPU
		{DA5B02DE-A970-4EA5-B9EB-EB26CAB8BECD}.Release|iPhoneSimulator.Deploy.0 = Release|Any CPU
		{DA5B02DE-A970-4EA5-B9EB-EB26CAB8BECD}.Release|x64.ActiveCfg = Release|Any CPU
		{DA5B02DE-A970-4EA5-B9EB-EB26CAB8BECD}.Release|x64.Build.0 = Release|Any CPU
		{DA5B02DE-A970-4EA5-B9EB-EB26CAB8BECD}.Release|x64.Deploy.0 = Release|Any CPU
		{DA5B02DE-A970-4EA5-B9EB-EB26CAB8BECD}.Release|x86.ActiveCfg = Release|Any CPU
		{DA5B02DE-A970-4EA5-B9EB-EB26CAB8BECD}.Release|x86.Build.0 = Release|Any CPU
		{DA5B02DE-A970-4EA5-B9EB-EB26CAB8BECD}.Release|x86.Deploy.0 = Release|Any CPU
	EndGlobalSection
	GlobalSection(SolutionProperties) = preSolution
		HideSolutionNode = FALSE
	EndGlobalSection
	GlobalSection(ExtensibilityGlobals) = postSolution
		SolutionGuid = {804144FE-F89D-4479-97DF-B5C641730F23}
	EndGlobalSection
EndGlobal
